PODS:
  - InputMask (6.1.0)
  - LanguageManager-iOS (1.2.5)
  - MIBlurPopup (1.0.0)
  - MMLanScan (3.0.0)
  - SimpleAnimation (0.4.2)
  - TactileSlider (2.0.1)

DEPENDENCIES:
  - InputMask
  - LanguageManager-iOS
  - MIBlurPopup
  - MMLanScan
  - SimpleAnimation
  - TactileSlider

SPEC REPOS:
  trunk:
    - InputMask
    - LanguageManager-iOS
    - MIBlurPopup
    - MMLanScan
    - SimpleAnimation
    - TactileSlider

SPEC CHECKSUMS:
  InputMask: 71d291dc54d2deaeac6512afb6ec2304228c0bb7
  LanguageManager-iOS: 049345fe4d1c5fbe22af93d438540917f4936359
  MIBlurPopup: 7e855df6a79d13bc0840519c2ec9bac50b1ac01a
  MMLanScan: 86a0f77edbf163be30c1f58321469c7c8ce4c50e
  SimpleAnimation: 5430010b9548f392e7459290acce01c9ceba7171
  TactileSlider: ca211be78178202c89412ed312f73020548f28ca

PODFILE CHECKSUM: 493592df8f3fc5be4892b59482d4cb83a6d5bc73

COCOAPODS: 1.10.1
