PODS:
  - InputMask (6.1.0)
  - MagicTimer (1.0.2)
  - MIBlurPopup (1.0.0)
  - MMLanScan (3.0.0)
  - SimpleAnimation (0.4.2)
  - TactileSlider (3.0.0)

DEPENDENCIES:
  - InputMask
  - MagicTimer (= 1.0.2)
  - MIBlurPopup
  - MMLanScan
  - SimpleAnimation
  - TactileSlider

SPEC REPOS:
  trunk:
    - InputMask
    - MagicTimer
    - MIBlurPopup
    - MMLanScan
    - SimpleAnimation
    - TactileSlider

SPEC CHECKSUMS:
  InputMask: 71d291dc54d2deaeac6512afb6ec2304228c0bb7
  MagicTimer: 6a5b2cc15f7e66f98536966cb51876c6200e6d8b
  MIBlurPopup: 7e855df6a79d13bc0840519c2ec9bac50b1ac01a
  MMLanScan: 86a0f77edbf163be30c1f58321469c7c8ce4c50e
  SimpleAnimation: 5430010b9548f392e7459290acce01c9ceba7171
  TactileSlider: 29d7ece49b13f921f1c8e0952ffba6c0b9c9d19d

PODFILE CHECKSUM: 396e1584b7419cda1e4ef58f2fcd8046c40d5d46

COCOAPODS: 1.11.3
