// !$*UTF8*$!
{
	archiveVersion = 1;
	classes = {
	};
	objectVersion = 50;
	objects = {

/* Begin PBXBuildFile section */
		3C15F2D124EDA6F600F63C92 /* LampDevice.swift in Sources */ = {isa = PBXBuildFile; fileRef = 3C15F2D024EDA6F600F63C92 /* LampDevice.swift */; };
		3C45877E24EC2C5A00DBE5C4 /* AppDelegate.swift in Sources */ = {isa = PBXBuildFile; fileRef = 3C45877D24EC2C5A00DBE5C4 /* AppDelegate.swift */; };
		3C45878024EC2C5A00DBE5C4 /* SceneDelegate.swift in Sources */ = {isa = PBXBuildFile; fileRef = 3C45877F24EC2C5A00DBE5C4 /* SceneDelegate.swift */; };
		3C45878224EC2C5A00DBE5C4 /* ViewController.swift in Sources */ = {isa = PBXBuildFile; fileRef = 3C45878124EC2C5A00DBE5C4 /* ViewController.swift */; };
		3C45878524EC2C5A00DBE5C4 /* Main.storyboard in Resources */ = {isa = PBXBuildFile; fileRef = 3C45878324EC2C5A00DBE5C4 /* Main.storyboard */; };
		3C45878724EC2C5C00DBE5C4 /* Assets.xcassets in Resources */ = {isa = PBXBuildFile; fileRef = 3C45878624EC2C5C00DBE5C4 /* Assets.xcassets */; };
		3C45878A24EC2C5C00DBE5C4 /* LaunchScreen.storyboard in Resources */ = {isa = PBXBuildFile; fileRef = 3C45878824EC2C5C00DBE5C4 /* LaunchScreen.storyboard */; };
		3C45879224EC330400DBE5C4 /* Effects.swift in Sources */ = {isa = PBXBuildFile; fileRef = 3C45879124EC330400DBE5C4 /* Effects.swift */; };
		3C45879424EC351700DBE5C4 /* EffectCollectionViewCell.swift in Sources */ = {isa = PBXBuildFile; fileRef = 3C45879324EC351700DBE5C4 /* EffectCollectionViewCell.swift */; };
		3C45879624EC426100DBE5C4 /* Extensions.swift in Sources */ = {isa = PBXBuildFile; fileRef = 3C45879524EC426100DBE5C4 /* Extensions.swift */; };
		3C45879A24EC45A500DBE5C4 /* settings.png in Resources */ = {isa = PBXBuildFile; fileRef = 3C45879924EC45A500DBE5C4 /* settings.png */; };
		3C84E96324F3A732004B411A /* TimerViewController.swift in Sources */ = {isa = PBXBuildFile; fileRef = 3C84E96224F3A732004B411A /* TimerViewController.swift */; };
		3C8DE0AE24F6D09900C61BBC /* AlarmViewController.swift in Sources */ = {isa = PBXBuildFile; fileRef = 3C8DE0AD24F6D09900C61BBC /* AlarmViewController.swift */; };
		3C8DE0B024F6E6D100C61BBC /* DaysCollectionViewCell.swift in Sources */ = {isa = PBXBuildFile; fileRef = 3C8DE0AF24F6E6D100C61BBC /* DaysCollectionViewCell.swift */; };
		3C8DE0B224F6E7A000C61BBC /* DawnCollectionViewCell.swift in Sources */ = {isa = PBXBuildFile; fileRef = 3C8DE0B124F6E7A000C61BBC /* DawnCollectionViewCell.swift */; };
		3C9EAEC724EC5CBF00600578 /* SettingsViewController.swift in Sources */ = {isa = PBXBuildFile; fileRef = 3C9EAEC624EC5CBF00600578 /* SettingsViewController.swift */; };
		3C9EAEC924EC5E3D00600578 /* SFUIDisplay-Medium.ttf in Resources */ = {isa = PBXBuildFile; fileRef = 3C9EAEC824EC5E3700600578 /* SFUIDisplay-Medium.ttf */; };
		3C9EAECD24EC61AA00600578 /* LampsTableViewCell.swift in Sources */ = {isa = PBXBuildFile; fileRef = 3C9EAECC24EC61AA00600578 /* LampsTableViewCell.swift */; };
		3CA069FA24F909130058AD2A /* AutoSwitchEffectViewController.swift in Sources */ = {isa = PBXBuildFile; fileRef = 3CA069F924F909130058AD2A /* AutoSwitchEffectViewController.swift */; };
		3CA069FC24F90F140058AD2A /* AutoSwitchEffectCollectionViewCell.swift in Sources */ = {isa = PBXBuildFile; fileRef = 3CA069FB24F90F140058AD2A /* AutoSwitchEffectCollectionViewCell.swift */; };
/* End PBXBuildFile section */

/* Begin PBXFileReference section */
		3C15F2D024EDA6F600F63C92 /* LampDevice.swift */ = {isa = PBXFileReference; lastKnownFileType = sourcecode.swift; path = LampDevice.swift; sourceTree = "<group>"; };
		3C45877A24EC2C5A00DBE5C4 /* GyverLamp.app */ = {isa = PBXFileReference; explicitFileType = wrapper.application; includeInIndex = 0; path = GyverLamp.app; sourceTree = BUILT_PRODUCTS_DIR; };
		3C45877D24EC2C5A00DBE5C4 /* AppDelegate.swift */ = {isa = PBXFileReference; lastKnownFileType = sourcecode.swift; path = AppDelegate.swift; sourceTree = "<group>"; };
		3C45877F24EC2C5A00DBE5C4 /* SceneDelegate.swift */ = {isa = PBXFileReference; lastKnownFileType = sourcecode.swift; path = SceneDelegate.swift; sourceTree = "<group>"; };
		3C45878124EC2C5A00DBE5C4 /* ViewController.swift */ = {isa = PBXFileReference; lastKnownFileType = sourcecode.swift; path = ViewController.swift; sourceTree = "<group>"; };
		3C45878424EC2C5A00DBE5C4 /* Base */ = {isa = PBXFileReference; lastKnownFileType = file.storyboard; name = Base; path = Base.lproj/Main.storyboard; sourceTree = "<group>"; };
		3C45878624EC2C5C00DBE5C4 /* Assets.xcassets */ = {isa = PBXFileReference; lastKnownFileType = folder.assetcatalog; path = Assets.xcassets; sourceTree = "<group>"; };
		3C45878924EC2C5C00DBE5C4 /* Base */ = {isa = PBXFileReference; lastKnownFileType = file.storyboard; name = Base; path = Base.lproj/LaunchScreen.storyboard; sourceTree = "<group>"; };
		3C45878B24EC2C5C00DBE5C4 /* Info.plist */ = {isa = PBXFileReference; lastKnownFileType = text.plist.xml; path = Info.plist; sourceTree = "<group>"; };
		3C45879124EC330400DBE5C4 /* Effects.swift */ = {isa = PBXFileReference; lastKnownFileType = sourcecode.swift; path = Effects.swift; sourceTree = "<group>"; };
		3C45879324EC351700DBE5C4 /* EffectCollectionViewCell.swift */ = {isa = PBXFileReference; lastKnownFileType = sourcecode.swift; path = EffectCollectionViewCell.swift; sourceTree = "<group>"; };
		3C45879524EC426100DBE5C4 /* Extensions.swift */ = {isa = PBXFileReference; lastKnownFileType = sourcecode.swift; path = Extensions.swift; sourceTree = "<group>"; };
		3C45879924EC45A500DBE5C4 /* settings.png */ = {isa = PBXFileReference; lastKnownFileType = image.png; path = settings.png; sourceTree = "<group>"; };
		3C84E96224F3A732004B411A /* TimerViewController.swift */ = {isa = PBXFileReference; lastKnownFileType = sourcecode.swift; path = TimerViewController.swift; sourceTree = "<group>"; };
		3C8DE0AD24F6D09900C61BBC /* AlarmViewController.swift */ = {isa = PBXFileReference; lastKnownFileType = sourcecode.swift; path = AlarmViewController.swift; sourceTree = "<group>"; };
		3C8DE0AF24F6E6D100C61BBC /* DaysCollectionViewCell.swift */ = {isa = PBXFileReference; lastKnownFileType = sourcecode.swift; path = DaysCollectionViewCell.swift; sourceTree = "<group>"; };
		3C8DE0B124F6E7A000C61BBC /* DawnCollectionViewCell.swift */ = {isa = PBXFileReference; lastKnownFileType = sourcecode.swift; path = DawnCollectionViewCell.swift; sourceTree = "<group>"; };
		3C9EAEC624EC5CBF00600578 /* SettingsViewController.swift */ = {isa = PBXFileReference; lastKnownFileType = sourcecode.swift; path = SettingsViewController.swift; sourceTree = "<group>"; };
		3C9EAEC824EC5E3700600578 /* SFUIDisplay-Medium.ttf */ = {isa = PBXFileReference; lastKnownFileType = file; path = "SFUIDisplay-Medium.ttf"; sourceTree = "<group>"; };
		3C9EAECC24EC61AA00600578 /* LampsTableViewCell.swift */ = {isa = PBXFileReference; lastKnownFileType = sourcecode.swift; path = LampsTableViewCell.swift; sourceTree = "<group>"; };
		3CA069F924F909130058AD2A /* AutoSwitchEffectViewController.swift */ = {isa = PBXFileReference; lastKnownFileType = sourcecode.swift; path = AutoSwitchEffectViewController.swift; sourceTree = "<group>"; };
		3CA069FB24F90F140058AD2A /* AutoSwitchEffectCollectionViewCell.swift */ = {isa = PBXFileReference; lastKnownFileType = sourcecode.swift; path = AutoSwitchEffectCollectionViewCell.swift; sourceTree = "<group>"; };
/* End PBXFileReference section */

/* Begin PBXFrameworksBuildPhase section */
		3C45877724EC2C5A00DBE5C4 /* Frameworks */ = {
			isa = PBXFrameworksBuildPhase;
			buildActionMask = 2147483647;
			files = (
			);
			runOnlyForDeploymentPostprocessing = 0;
		};
/* End PBXFrameworksBuildPhase section */

/* Begin PBXGroup section */
		3C45877124EC2C5A00DBE5C4 = {
			isa = PBXGroup;
			children = (
				3C45877C24EC2C5A00DBE5C4 /* GyverLamp */,
				3C45877B24EC2C5A00DBE5C4 /* Products */,
			);
			sourceTree = "<group>";
		};
		3C45877B24EC2C5A00DBE5C4 /* Products */ = {
			isa = PBXGroup;
			children = (
				3C45877A24EC2C5A00DBE5C4 /* GyverLamp.app */,
			);
			name = Products;
			sourceTree = "<group>";
		};
		3C45877C24EC2C5A00DBE5C4 /* GyverLamp */ = {
			isa = PBXGroup;
			children = (
				3C45877D24EC2C5A00DBE5C4 /* AppDelegate.swift */,
				3C45877F24EC2C5A00DBE5C4 /* SceneDelegate.swift */,
				3C7CF12B24F0FAB10094D602 /* cells */,
				3C15F2D024EDA6F600F63C92 /* LampDevice.swift */,
				3C7CF12924F0FA810094D602 /* others */,
				3C7CF12A24F0FAA20094D602 /* viewcontrollers */,
				3C9EAECA24EC5E4D00600578 /* images */,
				3C9EAECB24EC5E5500600578 /* fonts */,
				3C45878324EC2C5A00DBE5C4 /* Main.storyboard */,
				3C45878624EC2C5C00DBE5C4 /* Assets.xcassets */,
				3C45878824EC2C5C00DBE5C4 /* LaunchScreen.storyboard */,
				3C45878B24EC2C5C00DBE5C4 /* Info.plist */,
			);
			path = GyverLamp;
			sourceTree = "<group>";
		};
		3C7CF12924F0FA810094D602 /* others */ = {
			isa = PBXGroup;
			children = (
				3C45879124EC330400DBE5C4 /* Effects.swift */,
				3C45879524EC426100DBE5C4 /* Extensions.swift */,
			);
			path = others;
			sourceTree = "<group>";
		};
		3C7CF12A24F0FAA20094D602 /* viewcontrollers */ = {
			isa = PBXGroup;
			children = (
				3C9EAEC624EC5CBF00600578 /* SettingsViewController.swift */,
				3C8DE0AD24F6D09900C61BBC /* AlarmViewController.swift */,
				3CA069F924F909130058AD2A /* AutoSwitchEffectViewController.swift */,
				3C84E96224F3A732004B411A /* TimerViewController.swift */,
				3C45878124EC2C5A00DBE5C4 /* ViewController.swift */,
			);
			path = viewcontrollers;
			sourceTree = "<group>";
		};
		3C7CF12B24F0FAB10094D602 /* cells */ = {
			isa = PBXGroup;
			children = (
				3C9EAECC24EC61AA00600578 /* LampsTableViewCell.swift */,
				3C45879324EC351700DBE5C4 /* EffectCollectionViewCell.swift */,
				3CA069FB24F90F140058AD2A /* AutoSwitchEffectCollectionViewCell.swift */,
				3C8DE0AF24F6E6D100C61BBC /* DaysCollectionViewCell.swift */,
				3C8DE0B124F6E7A000C61BBC /* DawnCollectionViewCell.swift */,
			);
			path = cells;
			sourceTree = "<group>";
		};
		3C9EAECA24EC5E4D00600578 /* images */ = {
			isa = PBXGroup;
			children = (
				3C45879924EC45A500DBE5C4 /* settings.png */,
			);
			path = images;
			sourceTree = "<group>";
		};
		3C9EAECB24EC5E5500600578 /* fonts */ = {
			isa = PBXGroup;
			children = (
				3C9EAEC824EC5E3700600578 /* SFUIDisplay-Medium.ttf */,
			);
			path = fonts;
			sourceTree = "<group>";
		};
/* End PBXGroup section */

/* Begin PBXNativeTarget section */
		3C45877924EC2C5A00DBE5C4 /* GyverLamp */ = {
			isa = PBXNativeTarget;
			buildConfigurationList = 3C45878E24EC2C5C00DBE5C4 /* Build configuration list for PBXNativeTarget "GyverLamp" */;
			buildPhases = (
				3C45877624EC2C5A00DBE5C4 /* Sources */,
				3C45877724EC2C5A00DBE5C4 /* Frameworks */,
				3C45877824EC2C5A00DBE5C4 /* Resources */,
			);
			buildRules = (
			);
			dependencies = (
			);
			name = GyverLamp;
			productName = GyverLamp;
			productReference = 3C45877A24EC2C5A00DBE5C4 /* GyverLamp.app */;
			productType = "com.apple.product-type.application";
		};
/* End PBXNativeTarget section */

/* Begin PBXProject section */
		3C45877224EC2C5A00DBE5C4 /* Project object */ = {
			isa = PBXProject;
			attributes = {
				LastSwiftUpdateCheck = 1160;
				LastUpgradeCheck = 1160;
				ORGANIZATIONNAME = "Maksim Kazachkov";
				TargetAttributes = {
					3C45877924EC2C5A00DBE5C4 = {
						CreatedOnToolsVersion = 11.6;
					};
				};
			};
			buildConfigurationList = 3C45877524EC2C5A00DBE5C4 /* Build configuration list for PBXProject "GyverLamp" */;
			compatibilityVersion = "Xcode 9.3";
			developmentRegion = en;
			hasScannedForEncodings = 0;
			knownRegions = (
				en,
				Base,
			);
			mainGroup = 3C45877124EC2C5A00DBE5C4;
			productRefGroup = 3C45877B24EC2C5A00DBE5C4 /* Products */;
			projectDirPath = "";
			projectRoot = "";
			targets = (
				3C45877924EC2C5A00DBE5C4 /* GyverLamp */,
			);
		};
/* End PBXProject section */

/* Begin PBXResourcesBuildPhase section */
		3C45877824EC2C5A00DBE5C4 /* Resources */ = {
			isa = PBXResourcesBuildPhase;
			buildActionMask = 2147483647;
			files = (
				3C45879A24EC45A500DBE5C4 /* settings.png in Resources */,
				3C45878A24EC2C5C00DBE5C4 /* LaunchScreen.storyboard in Resources */,
				3C9EAEC924EC5E3D00600578 /* SFUIDisplay-Medium.ttf in Resources */,
				3C45878724EC2C5C00DBE5C4 /* Assets.xcassets in Resources */,
				3C45878524EC2C5A00DBE5C4 /* Main.storyboard in Resources */,
			);
			runOnlyForDeploymentPostprocessing = 0;
		};
/* End PBXResourcesBuildPhase section */

/* Begin PBXSourcesBuildPhase section */
		3C45877624EC2C5A00DBE5C4 /* Sources */ = {
			isa = PBXSourcesBuildPhase;
			buildActionMask = 2147483647;
			files = (
				3C8DE0AE24F6D09900C61BBC /* AlarmViewController.swift in Sources */,
				3C84E96324F3A732004B411A /* TimerViewController.swift in Sources */,
				3C45879224EC330400DBE5C4 /* Effects.swift in Sources */,
				3CA069FC24F90F140058AD2A /* AutoSwitchEffectCollectionViewCell.swift in Sources */,
				3C45878224EC2C5A00DBE5C4 /* ViewController.swift in Sources */,
				3C9EAEC724EC5CBF00600578 /* SettingsViewController.swift in Sources */,
				3C9EAECD24EC61AA00600578 /* LampsTableViewCell.swift in Sources */,
				3C45877E24EC2C5A00DBE5C4 /* AppDelegate.swift in Sources */,
				3C8DE0B024F6E6D100C61BBC /* DaysCollectionViewCell.swift in Sources */,
				3C45879424EC351700DBE5C4 /* EffectCollectionViewCell.swift in Sources */,
				3C45878024EC2C5A00DBE5C4 /* SceneDelegate.swift in Sources */,
				3C15F2D124EDA6F600F63C92 /* LampDevice.swift in Sources */,
				3C45879624EC426100DBE5C4 /* Extensions.swift in Sources */,
				3CA069FA24F909130058AD2A /* AutoSwitchEffectViewController.swift in Sources */,
				3C8DE0B224F6E7A000C61BBC /* DawnCollectionViewCell.swift in Sources */,
			);
			runOnlyForDeploymentPostprocessing = 0;
		};
/* End PBXSourcesBuildPhase section */

/* Begin PBXVariantGroup section */
		3C45878324EC2C5A00DBE5C4 /* Main.storyboard */ = {
			isa = PBXVariantGroup;
			children = (
				3C45878424EC2C5A00DBE5C4 /* Base */,
			);
			name = Main.storyboard;
			sourceTree = "<group>";
		};
		3C45878824EC2C5C00DBE5C4 /* LaunchScreen.storyboard */ = {
			isa = PBXVariantGroup;
			children = (
				3C45878924EC2C5C00DBE5C4 /* Base */,
			);
			name = LaunchScreen.storyboard;
			sourceTree = "<group>";
		};
/* End PBXVariantGroup section */

/* Begin XCBuildConfiguration section */
		3C45878C24EC2C5C00DBE5C4 /* Debug */ = {
			isa = XCBuildConfiguration;
			buildSettings = {
				ALWAYS_SEARCH_USER_PATHS = NO;
				CLANG_ANALYZER_NONNULL = YES;
				CLANG_ANALYZER_NUMBER_OBJECT_CONVERSION = YES_AGGRESSIVE;
				CLANG_CXX_LANGUAGE_STANDARD = "gnu++14";
				CLANG_CXX_LIBRARY = "libc++";
				CLANG_ENABLE_MODULES = YES;
				CLANG_ENABLE_OBJC_ARC = YES;
				CLANG_ENABLE_OBJC_WEAK = YES;
				CLANG_WARN_BLOCK_CAPTURE_AUTORELEASING = YES;
				CLANG_WARN_BOOL_CONVERSION = YES;
				CLANG_WARN_COMMA = YES;
				CLANG_WARN_CONSTANT_CONVERSION = YES;
				CLANG_WARN_DEPRECATED_OBJC_IMPLEMENTATIONS = YES;
				CLANG_WARN_DIRECT_OBJC_ISA_USAGE = YES_ERROR;
				CLANG_WARN_DOCUMENTATION_COMMENTS = YES;
				CLANG_WARN_EMPTY_BODY = YES;
				CLANG_WARN_ENUM_CONVERSION = YES;
				CLANG_WARN_INFINITE_RECURSION = YES;
				CLANG_WARN_INT_CONVERSION = YES;
				CLANG_WARN_NON_LITERAL_NULL_CONVERSION = YES;
				CLANG_WARN_OBJC_IMPLICIT_RETAIN_SELF = YES;
				CLANG_WARN_OBJC_LITERAL_CONVERSION = YES;
				CLANG_WARN_OBJC_ROOT_CLASS = YES_ERROR;
				CLANG_WARN_RANGE_LOOP_ANALYSIS = YES;
				CLANG_WARN_STRICT_PROTOTYPES = YES;
				CLANG_WARN_SUSPICIOUS_MOVE = YES;
				CLANG_WARN_UNGUARDED_AVAILABILITY = YES_AGGRESSIVE;
				CLANG_WARN_UNREACHABLE_CODE = YES;
				CLANG_WARN__DUPLICATE_METHOD_MATCH = YES;
				COPY_PHASE_STRIP = NO;
				DEBUG_INFORMATION_FORMAT = dwarf;
				ENABLE_STRICT_OBJC_MSGSEND = YES;
				ENABLE_TESTABILITY = YES;
				GCC_C_LANGUAGE_STANDARD = gnu11;
				GCC_DYNAMIC_NO_PIC = NO;
				GCC_NO_COMMON_BLOCKS = YES;
				GCC_OPTIMIZATION_LEVEL = 0;
				GCC_PREPROCESSOR_DEFINITIONS = (
					"DEBUG=1",
					"$(inherited)",
				);
				GCC_WARN_64_TO_32_BIT_CONVERSION = YES;
				GCC_WARN_ABOUT_RETURN_TYPE = YES_ERROR;
				GCC_WARN_UNDECLARED_SELECTOR = YES;
				GCC_WARN_UNINITIALIZED_AUTOS = YES_AGGRESSIVE;
				GCC_WARN_UNUSED_FUNCTION = YES;
				GCC_WARN_UNUSED_VARIABLE = YES;
				IPHONEOS_DEPLOYMENT_TARGET = 13.6;
				MTL_ENABLE_DEBUG_INFO = INCLUDE_SOURCE;
				MTL_FAST_MATH = YES;
				ONLY_ACTIVE_ARCH = YES;
				SDKROOT = iphoneos;
				SWIFT_ACTIVE_COMPILATION_CONDITIONS = DEBUG;
				SWIFT_OPTIMIZATION_LEVEL = "-Onone";
			};
			name = Debug;
		};
		3C45878D24EC2C5C00DBE5C4 /* Release */ = {
			isa = XCBuildConfiguration;
			buildSettings = {
				ALWAYS_SEARCH_USER_PATHS = NO;
				CLANG_ANALYZER_NONNULL = YES;
				CLANG_ANALYZER_NUMBER_OBJECT_CONVERSION = YES_AGGRESSIVE;
				CLANG_CXX_LANGUAGE_STANDARD = "gnu++14";
				CLANG_CXX_LIBRARY = "libc++";
				CLANG_ENABLE_MODULES = YES;
				CLANG_ENABLE_OBJC_ARC = YES;
				CLANG_ENABLE_OBJC_WEAK = YES;
				CLANG_WARN_BLOCK_CAPTURE_AUTORELEASING = YES;
				CLANG_WARN_BOOL_CONVERSION = YES;
				CLANG_WARN_COMMA = YES;
				CLANG_WARN_CONSTANT_CONVERSION = YES;
				CLANG_WARN_DEPRECATED_OBJC_IMPLEMENTATIONS = YES;
				CLANG_WARN_DIRECT_OBJC_ISA_USAGE = YES_ERROR;
				CLANG_WARN_DOCUMENTATION_COMMENTS = YES;
				CLANG_WARN_EMPTY_BODY = YES;
				CLANG_WARN_ENUM_CONVERSION = YES;
				CLANG_WARN_INFINITE_RECURSION = YES;
				CLANG_WARN_INT_CONVERSION = YES;
				CLANG_WARN_NON_LITERAL_NULL_CONVERSION = YES;
				CLANG_WARN_OBJC_IMPLICIT_RETAIN_SELF = YES;
				CLANG_WARN_OBJC_LITERAL_CONVERSION = YES;
				CLANG_WARN_OBJC_ROOT_CLASS = YES_ERROR;
				CLANG_WARN_RANGE_LOOP_ANALYSIS = YES;
				CLANG_WARN_STRICT_PROTOTYPES = YES;
				CLANG_WARN_SUSPICIOUS_MOVE = YES;
				CLANG_WARN_UNGUARDED_AVAILABILITY = YES_AGGRESSIVE;
				CLANG_WARN_UNREACHABLE_CODE = YES;
				CLANG_WARN__DUPLICATE_METHOD_MATCH = YES;
				COPY_PHASE_STRIP = NO;
				DEBUG_INFORMATION_FORMAT = "dwarf-with-dsym";
				ENABLE_NS_ASSERTIONS = NO;
				ENABLE_STRICT_OBJC_MSGSEND = YES;
				GCC_C_LANGUAGE_STANDARD = gnu11;
				GCC_NO_COMMON_BLOCKS = YES;
				GCC_WARN_64_TO_32_BIT_CONVERSION = YES;
				GCC_WARN_ABOUT_RETURN_TYPE = YES_ERROR;
				GCC_WARN_UNDECLARED_SELECTOR = YES;
				GCC_WARN_UNINITIALIZED_AUTOS = YES_AGGRESSIVE;
				GCC_WARN_UNUSED_FUNCTION = YES;
				GCC_WARN_UNUSED_VARIABLE = YES;
				IPHONEOS_DEPLOYMENT_TARGET = 13.6;
				MTL_ENABLE_DEBUG_INFO = NO;
				MTL_FAST_MATH = YES;
				SDKROOT = iphoneos;
				SWIFT_COMPILATION_MODE = wholemodule;
				SWIFT_OPTIMIZATION_LEVEL = "-O";
				VALIDATE_PRODUCT = YES;
			};
			name = Release;
		};
		3C45878F24EC2C5C00DBE5C4 /* Debug */ = {
			isa = XCBuildConfiguration;
			buildSettings = {
				ASSETCATALOG_COMPILER_APPICON_NAME = AppIcon;
				CODE_SIGN_STYLE = Automatic;
				DEVELOPMENT_TEAM = T3S6WD926G;
				INFOPLIST_FILE = GyverLamp/Info.plist;
				IPHONEOS_DEPLOYMENT_TARGET = 12.0;
				LD_RUNPATH_SEARCH_PATHS = (
					"$(inherited)",
					"@executable_path/Frameworks",
				);
				PRODUCT_BUNDLE_IDENTIFIER = ru.MaksimKazachkov.GyverLamp;
				PRODUCT_NAME = "$(TARGET_NAME)";
				SWIFT_VERSION = 5.0;
				TARGETED_DEVICE_FAMILY = 1;
			};
			name = Debug;
		};
		3C45879024EC2C5C00DBE5C4 /* Release */ = {
			isa = XCBuildConfiguration;
			buildSettings = {
				ASSETCATALOG_COMPILER_APPICON_NAME = AppIcon;
				CODE_SIGN_STYLE = Automatic;
				DEVELOPMENT_TEAM = T3S6WD926G;
				INFOPLIST_FILE = GyverLamp/Info.plist;
				IPHONEOS_DEPLOYMENT_TARGET = 12.0;
				LD_RUNPATH_SEARCH_PATHS = (
					"$(inherited)",
					"@executable_path/Frameworks",
				);
				PRODUCT_BUNDLE_IDENTIFIER = ru.MaksimKazachkov.GyverLamp;
				PRODUCT_NAME = "$(TARGET_NAME)";
				SWIFT_VERSION = 5.0;
				TARGETED_DEVICE_FAMILY = 1;
			};
			name = Release;
		};
/* End XCBuildConfiguration section */

/* Begin XCConfigurationList section */
		3C45877524EC2C5A00DBE5C4 /* Build configuration list for PBXProject "GyverLamp" */ = {
			isa = XCConfigurationList;
			buildConfigurations = (
				3C45878C24EC2C5C00DBE5C4 /* Debug */,
				3C45878D24EC2C5C00DBE5C4 /* Release */,
			);
			defaultConfigurationIsVisible = 0;
			defaultConfigurationName = Release;
		};
		3C45878E24EC2C5C00DBE5C4 /* Build configuration list for PBXNativeTarget "GyverLamp" */ = {
			isa = XCConfigurationList;
			buildConfigurations = (
				3C45878F24EC2C5C00DBE5C4 /* Debug */,
				3C45879024EC2C5C00DBE5C4 /* Release */,
			);
			defaultConfigurationIsVisible = 0;
			defaultConfigurationName = Release;
		};
/* End XCConfigurationList section */
	};
	rootObject = 3C45877224EC2C5A00DBE5C4 /* Project object */;
}
